
Microsoft Visual Studio Solution File, Format Version 12.00
# Visual Studio 15
VisualStudioVersion = 15.0.27004.2005
MinimumVisualStudioVersion = 10.0.40219.1
Project("{FAE04EC0-301F-11D3-BF4B-00C04F79EFBC}") = "Taxi.Android", "Taxi\Taxi.Android\Taxi.Android.csproj", "{74DF0971-246B-4A01-8E24-2D9FDD2A846B}"
EndProject
Project("{FAE04EC0-301F-11D3-BF4B-00C04F79EFBC}") = "Taxi.iOS", "Taxi\Taxi.iOS\Taxi.iOS.csproj", "{604B708C-332D-489E-93CA-541BBC7EAA64}"
EndProject
Project("{FAE04EC0-301F-11D3-BF4B-00C04F79EFBC}") = "Taxi", "Taxi\Taxi\Taxi.csproj", "{50430376-67B2-444E-9261-EDF3887FD98D}"
EndProject
Global
	GlobalSection(SolutionConfigurationPlatforms) = preSolution
		Debug|Any CPU = Debug|Any CPU
		Debug|iPhone = Debug|iPhone
		Debug|iPhoneSimulator = Debug|iPhoneSimulator
		Release|Any CPU = Release|Any CPU
		Release|iPhone = Release|iPhone
		Release|iPhoneSimulator = Release|iPhoneSimulator
	EndGlobalSection
	GlobalSection(ProjectConfigurationPlatforms) = postSolution
		{74DF0971-246B-4A01-8E24-2D9FDD2A846B}.Debug|Any CPU.ActiveCfg = Debug|Any CPU
		{74DF0971-246B-4A01-8E24-2D9FDD2A846B}.Debug|Any CPU.Build.0 = Debug|Any CPU
		{74DF0971-246B-4A01-8E24-2D9FDD2A846B}.Debug|Any CPU.Deploy.0 = Debug|Any CPU
		{74DF0971-246B-4A01-8E24-2D9FDD2A846B}.Debug|iPhone.ActiveCfg = Debug|Any CPU
		{74DF0971-246B-4A01-8E24-2D9FDD2A846B}.Debug|iPhone.Build.0 = Debug|Any CPU
		{74DF0971-246B-4A01-8E24-2D9FDD2A846B}.Debug|iPhone.Deploy.0 = Debug|Any CPU
		{74DF0971-246B-4A01-8E24-2D9FDD2A846B}.Debug|iPhoneSimulator.ActiveCfg = Debug|Any CPU
		{74DF0971-246B-4A01-8E24-2D9FDD2A846B}.Debug|iPhoneSimulator.Build.0 = Debug|Any CPU
		{74DF0971-246B-4A01-8E24-2D9FDD2A846B}.Debug|iPhoneSimulator.Deploy.0 = Debug|Any CPU
		{74DF0971-246B-4A01-8E24-2D9FDD2A846B}.Release|Any CPU.ActiveCfg = Release|Any CPU
		{74DF0971-246B-4A01-8E24-2D9FDD2A846B}.Release|Any CPU.Build.0 = Release|Any CPU
		{74DF0971-246B-4A01-8E24-2D9FDD2A846B}.Release|Any CPU.Deploy.0 = Release|Any CPU
		{74DF0971-246B-4A01-8E24-2D9FDD2A846B}.Release|iPhone.ActiveCfg = Release|Any CPU
		{74DF0971-246B-4A01-8E24-2D9FDD2A846B}.Release|iPhone.Build.0 = Release|Any CPU
		{74DF0971-246B-4A01-8E24-2D9FDD2A846B}.Release|iPhone.Deploy.0 = Release|Any CPU
		{74DF0971-246B-4A01-8E24-2D9FDD2A846B}.Release|iPhoneSimulator.ActiveCfg = Release|Any CPU
		{74DF0971-246B-4A01-8E24-2D9FDD2A846B}.Release|iPhoneSimulator.Build.0 = Release|Any CPU
		{74DF0971-246B-4A01-8E24-2D9FDD2A846B}.Release|iPhoneSimulator.Deploy.0 = Release|Any CPU
		{604B708C-332D-489E-93CA-541BBC7EAA64}.Debug|Any CPU.ActiveCfg = Debug|iPhoneSimulator
		{604B708C-332D-489E-93CA-541BBC7EAA64}.Debug|iPhone.ActiveCfg = Debug|iPhone
		{604B708C-332D-489E-93CA-541BBC7EAA64}.Debug|iPhone.Build.0 = Debug|iPhone
		{604B708C-332D-489E-93CA-541BBC7EAA64}.Debug|iPhoneSimulator.ActiveCfg = Debug|iPhoneSimulator
		{604B708C-332D-489E-93CA-541BBC7EAA64}.Debug|iPhoneSimulator.Build.0 = Debug|iPhoneSimulator
		{604B708C-332D-489E-93CA-541BBC7EAA64}.Release|Any CPU.ActiveCfg = Release|iPhoneSimulator
		{604B708C-332D-489E-93CA-541BBC7EAA64}.Release|iPhone.ActiveCfg = Release|iPhone
		{604B708C-332D-489E-93CA-541BBC7EAA64}.Release|iPhone.Build.0 = Release|iPhone
		{604B708C-332D-489E-93CA-541BBC7EAA64}.Release|iPhoneSimulator.ActiveCfg = Release|iPhoneSimulator
		{604B708C-332D-489E-93CA-541BBC7EAA64}.Release|iPhoneSimulator.Build.0 = Release|iPhoneSimulator
		{50430376-67B2-444E-9261-EDF3887FD98D}.Debug|Any CPU.ActiveCfg = Debug|Any CPU
		{50430376-67B2-444E-9261-EDF3887FD98D}.Debug|Any CPU.Build.0 = Debug|Any CPU
		{50430376-67B2-444E-9261-EDF3887FD98D}.Debug|iPhone.ActiveCfg = Debug|Any CPU
		{50430376-67B2-444E-9261-EDF3887FD98D}.Debug|iPhone.Build.0 = Debug|Any CPU
		{50430376-67B2-444E-9261-EDF3887FD98D}.Debug|iPhoneSimulator.ActiveCfg = Debug|Any CPU
		{50430376-67B2-444E-9261-EDF3887FD98D}.Debug|iPhoneSimulator.Build.0 = Debug|Any CPU
		{50430376-67B2-444E-9261-EDF3887FD98D}.Release|Any CPU.ActiveCfg = Release|Any CPU
		{50430376-67B2-444E-9261-EDF3887FD98D}.Release|Any CPU.Build.0 = Release|Any CPU
		{50430376-67B2-444E-9261-EDF3887FD98D}.Release|iPhone.ActiveCfg = Release|Any CPU
		{50430376-67B2-444E-9261-EDF3887FD98D}.Release|iPhone.Build.0 = Release|Any CPU
		{50430376-67B2-444E-9261-EDF3887FD98D}.Release|iPhoneSimulator.ActiveCfg = Release|Any CPU
		{50430376-67B2-444E-9261-EDF3887FD98D}.Release|iPhoneSimulator.Build.0 = Release|Any CPU
	EndGlobalSection
	GlobalSection(SolutionProperties) = preSolution
		HideSolutionNode = FALSE
	EndGlobalSection
	GlobalSection(ExtensibilityGlobals) = postSolution
		SolutionGuid = {EF85D68F-CCF0-40EB-A577-BC32036E03C7}
	EndGlobalSection
EndGlobal
